
Microsoft Visual Studio Solution File, Format Version 12.00
# Visual Studio 14
VisualStudioVersion = 14.0.24720.0
MinimumVisualStudioVersion = 10.0.40219.1
Project("{FAE04EC0-301F-11D3-BF4B-00C04F79EFBC}") = "Stock", "Stock\Stock.csproj", "{1261FCC3-8123-4183-A923-4F6E4CBEA862}"
EndProject
Project("{FAE04EC0-301F-11D3-BF4B-00C04F79EFBC}") = "Stock.Security", "Stock.Security\Stock.Security.csproj", "{740A8D31-ACCF-4EFF-98FA-0C48CF37A7B9}"
EndProject
Global
	GlobalSection(SolutionConfigurationPlatforms) = preSolution
		Debug|Any CPU = Debug|Any CPU
		Release|Any CPU = Release|Any CPU
	EndGlobalSection
	GlobalSection(ProjectConfigurationPlatforms) = postSolution
		{1261FCC3-8123-4183-A923-4F6E4CBEA862}.Debug|Any CPU.ActiveCfg = Debug|Any CPU
		{1261FCC3-8123-4183-A923-4F6E4CBEA862}.Debug|Any CPU.Build.0 = Debug|Any CPU
		{1261FCC3-8123-4183-A923-4F6E4CBEA862}.Release|Any CPU.ActiveCfg = Release|Any CPU
		{1261FCC3-8123-4183-A923-4F6E4CBEA862}.Release|Any CPU.Build.0 = Release|Any CPU
		{740A8D31-ACCF-4EFF-98FA-0C48CF37A7B9}.Debug|Any CPU.ActiveCfg = Debug|Any CPU
		{740A8D31-ACCF-4EFF-98FA-0C48CF37A7B9}.Debug|Any CPU.Build.0 = Debug|Any CPU
		{740A8D31-ACCF-4EFF-98FA-0C48CF37A7B9}.Release|Any CPU.ActiveCfg = Release|Any CPU
		{740A8D31-ACCF-4EFF-98FA-0C48CF37A7B9}.Release|Any CPU.Build.0 = Release|Any CPU
	EndGlobalSection
	GlobalSection(SolutionProperties) = preSolution
		HideSolutionNode = FALSE
	EndGlobalSection
EndGlobal
